<?xml version="1.0" encoding="utf-8"?>
<Project ToolsVersion="4.0" xmlns="http://schemas.microsoft.com/developer/msbuild/2003">
  <ItemGroup>
    <Filter Include="src">
      <UniqueIdentifier>{a5adaff1-709b-4168-8dc4-ff56ca33f7a1}</UniqueIdentifier>
    </Filter>
    <Filter Include="src\overlay">
      <UniqueIdentifier>{e0e3d05a-3e16-4bf7-b00f-af9d63a6d481}</UniqueIdentifier>
    </Filter>
  </ItemGroup>
  <ItemGroup>
    <ClInclude Include="src\overlay\FOverlay.h">
      <Filter>src\overlay</Filter>
    </ClInclude>
    <ClInclude Include="src\main.h">
      <Filter>src</Filter>
    </ClInclude>
  </ItemGroup>
  <ItemGroup>
    <ClCompile Include="src\overlay\FOverlay.cpp">
      <Filter>src\overlay</Filter>
    </ClCompile>
    <ClCompile Include="src\main.cpp">
      <Filter>src</Filter>
    </ClCompile>
  </ItemGroup>
</Project>